
Microsoft Visual Studio Solution File, Format Version 12.00
# Visual Studio Version 16
VisualStudioVersion = 16.0.30717.126
MinimumVisualStudioVersion = 10.0.40219.1
Project("{8BC9CEB8-8B4A-11D0-8D11-00A0C91BC942}") = "SphereSvr", "SphereSvr.vcxproj", "{0A4CF213-CD13-4A8C-A840-ABFBE6A11A5C}"
EndProject
Global
	GlobalSection(SolutionConfigurationPlatforms) = preSolution
		Debug|x86 = Debug|x86
		DebugProfile|x86 = DebugProfile|x86
		Release|x86 = Release|x86
	EndGlobalSection
	GlobalSection(ProjectConfigurationPlatforms) = postSolution
		{0A4CF213-CD13-4A8C-A840-ABFBE6A11A5C}.Debug|x86.ActiveCfg = Debug|Win32
		{0A4CF213-CD13-4A8C-A840-ABFBE6A11A5C}.Debug|x86.Build.0 = Debug|Win32
		{0A4CF213-CD13-4A8C-A840-ABFBE6A11A5C}.DebugProfile|x86.ActiveCfg = DebugProfile|Win32
		{0A4CF213-CD13-4A8C-A840-ABFBE6A11A5C}.DebugProfile|x86.Build.0 = DebugProfile|Win32
		{0A4CF213-CD13-4A8C-A840-ABFBE6A11A5C}.Release|x86.ActiveCfg = Release|Win32
		{0A4CF213-CD13-4A8C-A840-ABFBE6A11A5C}.Release|x86.Build.0 = Release|Win32
	EndGlobalSection
	GlobalSection(SolutionProperties) = preSolution
		HideSolutionNode = FALSE
	EndGlobalSection
	GlobalSection(ExtensibilityGlobals) = postSolution
		SolutionGuid = {258993EE-6DAC-40DA-8350-ABEA7828320A}
	EndGlobalSection
EndGlobal
