<?xml version="1.0" encoding="utf-8"?>
<Project ToolsVersion="4.0" xmlns="http://schemas.microsoft.com/developer/msbuild/2003">
  <ItemGroup>
    <Filter Include="Scripts">
      <UniqueIdentifier>{0063d828-e77a-4667-9083-760e4eb842ff}</UniqueIdentifier>
      <Extensions>scp,ini</Extensions>
    </Filter>
    <Filter Include="Scripts\Scripts bs3">
      <UniqueIdentifier>{e7491d10-c0bb-43e2-a33c-658ac21772f0}</UniqueIdentifier>
    </Filter>
    <Filter Include="Scripts\Scripts Speech">
      <UniqueIdentifier>{c847e1e8-c6f8-4c5c-b67a-d9781c404448}</UniqueIdentifier>
    </Filter>
    <Filter Include="Scripts\Scripts Test">
      <UniqueIdentifier>{783dc7b6-43a4-4030-98ff-84ec100718fd}</UniqueIdentifier>
    </Filter>
    <Filter Include="Scripts\NPCs">
      <UniqueIdentifier>{361c287f-065a-43b9-a76b-689a8f68a194}</UniqueIdentifier>
    </Filter>
    <Filter Include="Sources">
      <UniqueIdentifier>{52da821f-9a85-4c5b-90bb-bbc913a15c6a}</UniqueIdentifier>
      <Extensions>cpp,c,h,rc</Extensions>
    </Filter>
    <Filter Include="Header Files">
      <UniqueIdentifier>{0ffe545f-2f99-450b-96da-4603209b9b0a}</UniqueIdentifier>
      <Extensions>h;hpp;hxx;hm;inl</Extensions>
    </Filter>
    <Filter Include="SphereCommon">
      <UniqueIdentifier>{2ff53afd-04e8-4e26-8755-3806490ed7fa}</UniqueIdentifier>
    </Filter>
    <Filter Include="SphereAccount">
      <UniqueIdentifier>{4745b36a-fb8c-4d05-88a5-5cbfb16049e2}</UniqueIdentifier>
    </Filter>
    <Filter Include="SphereProto">
      <UniqueIdentifier>{b0b16337-c437-4a36-bfe5-6d97777f6155}</UniqueIdentifier>
    </Filter>
    <Filter Include="SphereResource">
      <UniqueIdentifier>{0972e290-cf15-4690-bee2-8a311a6ebad0}</UniqueIdentifier>
    </Filter>
    <Filter Include="Web Pages">
      <UniqueIdentifier>{3c64ef78-1c9f-47af-8272-e0d62f566476}</UniqueIdentifier>
      <Extensions>htt</Extensions>
    </Filter>
    <Filter Include="Scripting Tables">
      <UniqueIdentifier>{8941e9ae-e11c-43d9-a555-49c57e23c9b9}</UniqueIdentifier>
      <Extensions>tbl</Extensions>
    </Filter>
    <Filter Include="SphereLib">
      <UniqueIdentifier>{eef1048b-e3c1-4eba-9116-bbd1ba283294}</UniqueIdentifier>
    </Filter>
  </ItemGroup>
  <ItemGroup>
    <ClCompile Include="CBackTask.cpp">
      <Filter>Sources</Filter>
    </ClCompile>
    <ClCompile Include="CChar.cpp">
      <Filter>Sources</Filter>
    </ClCompile>
    <ClCompile Include="ccharact.cpp">
      <Filter>Sources</Filter>
    </ClCompile>
    <ClCompile Include="cCharDef.cpp">
      <Filter>Sources</Filter>
    </ClCompile>
    <ClCompile Include="CCharFight.cpp">
      <Filter>Sources</Filter>
    </ClCompile>
    <ClCompile Include="CCharNoto.cpp">
      <Filter>Sources</Filter>
    </ClCompile>
    <ClCompile Include="CCharNPC.cpp">
      <Filter>Sources</Filter>
    </ClCompile>
    <ClCompile Include="CCharNPCAct.cpp">
      <Filter>Sources</Filter>
    </ClCompile>
    <ClCompile Include="CCharNPCFood.cpp">
      <Filter>Sources</Filter>
    </ClCompile>
    <ClCompile Include="CCharNPCPet.cpp">
      <Filter>Sources</Filter>
    </ClCompile>
    <ClCompile Include="CCharNPCStatus.cpp">
      <Filter>Sources</Filter>
    </ClCompile>
    <ClCompile Include="ccharskill.cpp">
      <Filter>Sources</Filter>
    </ClCompile>
    <ClCompile Include="ccharspell.cpp">
      <Filter>Sources</Filter>
    </ClCompile>
    <ClCompile Include="CCharStatus.cpp">
      <Filter>Sources</Filter>
    </ClCompile>
    <ClCompile Include="ccharuse.cpp">
      <Filter>Sources</Filter>
    </ClCompile>
    <ClCompile Include="CChat.cpp">
      <Filter>Sources</Filter>
    </ClCompile>
    <ClCompile Include="CClient.cpp">
      <Filter>Sources</Filter>
    </ClCompile>
    <ClCompile Include="CClientDialog.cpp">
      <Filter>Sources</Filter>
    </ClCompile>
    <ClCompile Include="cclientevent.cpp">
      <Filter>Sources</Filter>
    </ClCompile>
    <ClCompile Include="CClientGMPage.cpp">
      <Filter>Sources</Filter>
    </ClCompile>
    <ClCompile Include="CClientLog.cpp">
      <Filter>Sources</Filter>
    </ClCompile>
    <ClCompile Include="CClientMsg.cpp">
      <Filter>Sources</Filter>
    </ClCompile>
    <ClCompile Include="cclienttarg.cpp">
      <Filter>Sources</Filter>
    </ClCompile>
    <ClCompile Include="cclientuse.cpp">
      <Filter>Sources</Filter>
    </ClCompile>
    <ClCompile Include="CContain.cpp">
      <Filter>Sources</Filter>
    </ClCompile>
    <ClCompile Include="cgmpage.cpp">
      <Filter>Sources</Filter>
    </ClCompile>
    <ClCompile Include="CItem.cpp">
      <Filter>Sources</Filter>
    </ClCompile>
    <ClCompile Include="CItemCont.cpp">
      <Filter>Sources</Filter>
    </ClCompile>
    <ClCompile Include="cItemDef.cpp">
      <Filter>Sources</Filter>
    </ClCompile>
    <ClCompile Include="citemmulti.cpp">
      <Filter>Sources</Filter>
    </ClCompile>
    <ClCompile Include="CItemSp.cpp">
      <Filter>Sources</Filter>
    </ClCompile>
    <ClCompile Include="CItemStone.cpp">
      <Filter>Sources</Filter>
    </ClCompile>
    <ClCompile Include="CItemVend.cpp">
      <Filter>Sources</Filter>
    </ClCompile>
    <ClCompile Include="CLog.cpp">
      <Filter>Sources</Filter>
    </ClCompile>
    <ClCompile Include="CObjBase.cpp">
      <Filter>Sources</Filter>
    </ClCompile>
    <ClCompile Include="cObjBaseDef.cpp">
      <Filter>Sources</Filter>
    </ClCompile>
    <ClCompile Include="cquest.cpp">
      <Filter>Sources</Filter>
    </ClCompile>
    <ClCompile Include="csector.cpp">
      <Filter>Sources</Filter>
    </ClCompile>
    <ClCompile Include="CServConsoleD.cpp">
      <Filter>Sources</Filter>
    </ClCompile>
    <ClCompile Include="CServConsoleW.cpp">
      <Filter>Sources</Filter>
    </ClCompile>
    <ClCompile Include="CServer.cpp">
      <Filter>Sources</Filter>
    </ClCompile>
    <ClCompile Include="CServRef.cpp">
      <Filter>Sources</Filter>
    </ClCompile>
    <ClCompile Include="CWebPage.cpp">
      <Filter>Sources</Filter>
    </ClCompile>
    <ClCompile Include="CWorld.cpp">
      <Filter>Sources</Filter>
    </ClCompile>
    <ClCompile Include="cworldimport.cpp">
      <Filter>Sources</Filter>
    </ClCompile>
    <ClCompile Include="cworldmap.cpp">
      <Filter>Sources</Filter>
    </ClCompile>
    <ClCompile Include="CWorldSearch.cpp">
      <Filter>Sources</Filter>
    </ClCompile>
    <ClCompile Include="spheresvr.cpp">
      <Filter>Sources</Filter>
    </ClCompile>
    <ClCompile Include="StdAfx.cpp">
      <Filter>Sources</Filter>
    </ClCompile>
    <ClCompile Include="..\SphereCommon\ccrypt.cpp">
      <Filter>SphereCommon</Filter>
    </ClCompile>
    <ClCompile Include="..\SphereCommon\ccryptnew.cpp">
      <Filter>SphereCommon</Filter>
    </ClCompile>
    <ClCompile Include="..\SphereCommon\cMulInst.cpp">
      <Filter>SphereCommon</Filter>
    </ClCompile>
    <ClCompile Include="..\SphereCommon\cMulMap.cpp">
      <Filter>SphereCommon</Filter>
    </ClCompile>
    <ClCompile Include="..\SphereCommon\cmulmulti.cpp">
      <Filter>SphereCommon</Filter>
    </ClCompile>
    <ClCompile Include="..\SphereCommon\cMulVer.cpp">
      <Filter>SphereCommon</Filter>
    </ClCompile>
    <ClCompile Include="..\SphereCommon\cObjBaseTemplate.cpp">
      <Filter>SphereCommon</Filter>
    </ClCompile>
    <ClCompile Include="..\SphereCommon\cpointmap.cpp">
      <Filter>SphereCommon</Filter>
    </ClCompile>
    <ClCompile Include="..\SphereCommon\CRegionComplex.cpp">
      <Filter>SphereCommon</Filter>
    </ClCompile>
    <ClCompile Include="..\SphereCommon\CRegionMap.cpp">
      <Filter>SphereCommon</Filter>
    </ClCompile>
    <ClCompile Include="..\SphereCommon\CRegionType.cpp">
      <Filter>SphereCommon</Filter>
    </ClCompile>
    <ClCompile Include="..\SphereCommon\cresourcebase.cpp">
      <Filter>SphereCommon</Filter>
    </ClCompile>
    <ClCompile Include="..\SphereCommon\csectortemplate.cpp">
      <Filter>SphereCommon</Filter>
    </ClCompile>
    <ClCompile Include="..\SphereCommon\cSphereExp.cpp">
      <Filter>SphereCommon</Filter>
    </ClCompile>
    <ClCompile Include="..\SphereCommon\Cteleport.cpp">
      <Filter>SphereCommon</Filter>
    </ClCompile>
    <ClCompile Include="..\SphereAccount\CAccount.cpp">
      <Filter>SphereAccount</Filter>
    </ClCompile>
    <ClCompile Include="..\SphereAccount\caccountmgr.cpp">
      <Filter>SphereAccount</Filter>
    </ClCompile>
    <ClCompile Include="..\SphereCommon\sphereproto.cpp">
      <Filter>SphereProto</Filter>
    </ClCompile>
    <ClCompile Include="CResource.cpp">
      <Filter>SphereResource</Filter>
    </ClCompile>
    <ClCompile Include="CResourceCalc.cpp">
      <Filter>SphereResource</Filter>
    </ClCompile>
    <ClCompile Include="CResourceDef.cpp">
      <Filter>SphereResource</Filter>
    </ClCompile>
    <ClCompile Include="CResourceTest.cpp">
      <Filter>SphereResource</Filter>
    </ClCompile>
    <ClCompile Include="..\spherelib\CPointBase.cpp">
      <Filter>SphereLib</Filter>
    </ClCompile>
    <ClCompile Include="..\spherelib\cstring.cpp">
      <Filter>SphereLib</Filter>
    </ClCompile>
  </ItemGroup>
  <ItemGroup>
    <ClInclude Include="SpherePublic.h">
      <Filter>Sources</Filter>
    </ClInclude>
    <ClInclude Include="CChat.h">
      <Filter>Header Files</Filter>
    </ClInclude>
    <ClInclude Include="cclient.h">
      <Filter>Header Files</Filter>
    </ClInclude>
    <ClInclude Include="cobjbase.h">
      <Filter>Header Files</Filter>
    </ClInclude>
    <ClInclude Include="cObjBaseDef.h">
      <Filter>Header Files</Filter>
    </ClInclude>
    <ClInclude Include="CServRef.h">
      <Filter>Header Files</Filter>
    </ClInclude>
    <ClInclude Include="CWorld.h">
      <Filter>Header Files</Filter>
    </ClInclude>
    <ClInclude Include="resource.h">
      <Filter>Header Files</Filter>
    </ClInclude>
    <ClInclude Include="spheresvr.h">
      <Filter>Header Files</Filter>
    </ClInclude>
    <ClInclude Include="stdafx.h">
      <Filter>Header Files</Filter>
    </ClInclude>
    <ClInclude Include="..\SphereCommon\ccrypt.h">
      <Filter>SphereCommon</Filter>
    </ClInclude>
    <ClInclude Include="..\SphereCommon\cMulInst.h">
      <Filter>SphereCommon</Filter>
    </ClInclude>
    <ClInclude Include="..\SphereCommon\cMulMap.h">
      <Filter>SphereCommon</Filter>
    </ClInclude>
    <ClInclude Include="..\SphereCommon\CMulMulti.h">
      <Filter>SphereCommon</Filter>
    </ClInclude>
    <ClInclude Include="..\SphereCommon\cMulTile.h">
      <Filter>SphereCommon</Filter>
    </ClInclude>
    <ClInclude Include="..\SphereCommon\cObjBaseTemplate.h">
      <Filter>SphereCommon</Filter>
    </ClInclude>
    <ClInclude Include="..\SphereCommon\cPointMap.h">
      <Filter>SphereCommon</Filter>
    </ClInclude>
    <ClInclude Include="..\SphereCommon\CRegionMap.h">
      <Filter>SphereCommon</Filter>
    </ClInclude>
    <ClInclude Include="..\SphereCommon\cresourcebase.h">
      <Filter>SphereCommon</Filter>
    </ClInclude>
    <ClInclude Include="..\SphereCommon\cSectorTemplate.h">
      <Filter>SphereCommon</Filter>
    </ClInclude>
    <ClInclude Include="..\SphereCommon\cSphereExp.h">
      <Filter>SphereCommon</Filter>
    </ClInclude>
    <ClInclude Include="..\SphereCommon\SphereCommon.h">
      <Filter>SphereCommon</Filter>
    </ClInclude>
    <ClInclude Include="..\SphereAccount\caccount.h">
      <Filter>SphereAccount</Filter>
    </ClInclude>
    <ClInclude Include="..\SphereAccount\caccountbase.h">
      <Filter>SphereAccount</Filter>
    </ClInclude>
    <ClInclude Include="..\SphereCommon\spheremul.h">
      <Filter>SphereProto</Filter>
    </ClInclude>
    <ClInclude Include="..\SphereCommon\sphereproto.h">
      <Filter>SphereProto</Filter>
    </ClInclude>
    <ClInclude Include="cresource.h">
      <Filter>SphereResource</Filter>
    </ClInclude>
    <ClInclude Include="..\spherelib\common.h">
      <Filter>SphereLib</Filter>
    </ClInclude>
    <ClInclude Include="..\spherelib\cpointbase.h">
      <Filter>SphereLib</Filter>
    </ClInclude>
    <ClInclude Include="..\spherelib\cregion.h">
      <Filter>SphereLib</Filter>
    </ClInclude>
    <ClInclude Include="..\spherelib\CScriptableInterface.h">
      <Filter>SphereLib</Filter>
    </ClInclude>
    <ClInclude Include="..\spherelib\cstring.h">
      <Filter>SphereLib</Filter>
    </ClInclude>
    <ClInclude Include="..\spherelib\CScript.h">
      <Filter>SphereLib</Filter>
    </ClInclude>
    <ClInclude Include="..\spherelib\CThread.h">
      <Filter>SphereLib</Filter>
    </ClInclude>
    <ClInclude Include="..\spherelib\CScriptExecContext.h">
      <Filter>SphereLib</Filter>
    </ClInclude>
    <ClInclude Include="..\spherelib\CScriptConsole.h">
      <Filter>SphereLib</Filter>
    </ClInclude>
    <ClInclude Include="..\SphereLib\spherelib.h">
      <Filter>SphereLib</Filter>
    </ClInclude>
    <ClInclude Include="..\spherelib\CExpression.h">
      <Filter>SphereLib</Filter>
    </ClInclude>
    <ClInclude Include="..\spherelib\CArray.h">
      <Filter>SphereLib</Filter>
    </ClInclude>
    <ClInclude Include="..\spherelib\CScriptObj.h">
      <Filter>SphereLib</Filter>
    </ClInclude>
    <ClInclude Include="..\spherelib\cstring2.h">
      <Filter>SphereLib</Filter>
    </ClInclude>
    <ClInclude Include="..\spherelib\cfile.h">
      <Filter>SphereLib</Filter>
    </ClInclude>
    <ClInclude Include="..\spherelib\CValueRange.h">
      <Filter>SphereLib</Filter>
    </ClInclude>
    <ClInclude Include="..\spherelib\CMemBlock.h">
      <Filter>SphereLib</Filter>
    </ClInclude>
    <ClInclude Include="..\spherelib\crefobj.h">
      <Filter>SphereLib</Filter>
    </ClInclude>
    <ClInclude Include="..\spherelib\ctime.h">
      <Filter>SphereLib</Filter>
    </ClInclude>
    <ClInclude Include="..\spherelib\CAtom.h">
      <Filter>SphereLib</Filter>
    </ClInclude>
    <ClInclude Include="..\spherelib\CSocket.h">
      <Filter>SphereLib</Filter>
    </ClInclude>
    <ClInclude Include="..\spherelib\carraysort.h">
      <Filter>SphereLib</Filter>
    </ClInclude>
    <ClInclude Include="..\spherelib\CAssoc.h">
      <Filter>SphereLib</Filter>
    </ClInclude>
    <ClInclude Include="..\spherelib\CNTService.h">
      <Filter>SphereLib</Filter>
    </ClInclude>
    <ClInclude Include="..\spherelib\CQueueBytes.h">
      <Filter>SphereLib</Filter>
    </ClInclude>
    <ClInclude Include="..\spherelib\CResourceObj.h">
      <Filter>SphereLib</Filter>
    </ClInclude>
    <ClInclude Include="..\spherelib\cregistry.h">
      <Filter>SphereLib</Filter>
    </ClInclude>
    <ClInclude Include="..\spherelib\cwindow.h">
      <Filter>SphereLib</Filter>
    </ClInclude>
    <ClInclude Include="..\spherelib\cfiledir.h">
      <Filter>SphereLib</Filter>
    </ClInclude>
  </ItemGroup>
  <ItemGroup>
    <ResourceCompile Include="spheresvr.rc">
      <Filter>Sources</Filter>
    </ResourceCompile>
  </ItemGroup>
  <ItemGroup>
    <Image Include="spheresvr.ico" />
  </ItemGroup>
  <ItemGroup>
    <Text Include="..\SphereDoc\SphereSvr_Bugs.txt" />
    <Text Include="..\SphereDoc\SphereSvr_Requests.txt" />
    <Text Include="..\SphereDoc\SphereSvr_REVISIONS.txt" />
  </ItemGroup>
  <ItemGroup>
    <CustomBuild Include="..\scripts\bs3\bs2_crier.scp">
      <Filter>Scripts\Scripts bs3</Filter>
    </CustomBuild>
    <CustomBuild Include="..\scripts\bs3\bs2_items.scp">
      <Filter>Scripts\Scripts bs3</Filter>
    </CustomBuild>
    <CustomBuild Include="..\scripts\bs3\bs2_map.scp">
      <Filter>Scripts\Scripts bs3</Filter>
    </CustomBuild>
    <CustomBuild Include="..\scripts\bs3\bs2_santa.scp">
      <Filter>Scripts\Scripts bs3</Filter>
    </CustomBuild>
    <CustomBuild Include="..\scripts\bs3\bs2_stuff.scp">
      <Filter>Scripts\Scripts bs3</Filter>
    </CustomBuild>
    <CustomBuild Include="..\scripts\bs3\bs3_borgvendors.scp">
      <Filter>Scripts\Scripts bs3</Filter>
    </CustomBuild>
    <CustomBuild Include="..\scripts\bs3\bs3_classitems.scp">
      <Filter>Scripts\Scripts bs3</Filter>
    </CustomBuild>
    <CustomBuild Include="..\scripts\bs3\bs3_drowvendors.scp">
      <Filter>Scripts\Scripts bs3</Filter>
    </CustomBuild>
    <CustomBuild Include="..\scripts\bs3\bs3_dwarfvendors.scp">
      <Filter>Scripts\Scripts bs3</Filter>
    </CustomBuild>
    <CustomBuild Include="..\scripts\bs3\bs3_elfvendors.scp">
      <Filter>Scripts\Scripts bs3</Filter>
    </CustomBuild>
    <CustomBuild Include="..\scripts\bs3\bs3_gargoyle_town.scp">
      <Filter>Scripts\Scripts bs3</Filter>
    </CustomBuild>
    <CustomBuild Include="..\scripts\bs3\bs3_halforcvendors.scp">
      <Filter>Scripts\Scripts bs3</Filter>
    </CustomBuild>
    <CustomBuild Include="..\scripts\bs3\bs3_helpgump.scp">
      <Filter>Scripts\Scripts bs3</Filter>
    </CustomBuild>
    <CustomBuild Include="..\scripts\bs3\bs3_ogre_town.scp">
      <Filter>Scripts\Scripts bs3</Filter>
    </CustomBuild>
    <CustomBuild Include="..\scripts\bs3\bs3_ore_elem.scp">
      <Filter>Scripts\Scripts bs3</Filter>
    </CustomBuild>
    <CustomBuild Include="..\scripts\bs3\bs3_patron.scp">
      <Filter>Scripts\Scripts bs3</Filter>
    </CustomBuild>
    <CustomBuild Include="..\scripts\bs3\bs3_racemenu.scp">
      <Filter>Scripts\Scripts bs3</Filter>
    </CustomBuild>
    <CustomBuild Include="..\scripts\bs3\bs3_troll_town.scp">
      <Filter>Scripts\Scripts bs3</Filter>
    </CustomBuild>
    <CustomBuild Include="..\scripts\bs3\sphereclass.scp">
      <Filter>Scripts\Scripts bs3</Filter>
    </CustomBuild>
    <CustomBuild Include="..\scripts\bs3\SphereRace.scp">
      <Filter>Scripts\Scripts bs3</Filter>
    </CustomBuild>
    <CustomBuild Include="..\scripts\speech\jobactor.scp">
      <Filter>Scripts\Scripts Speech</Filter>
    </CustomBuild>
    <CustomBuild Include="..\scripts\speech\jobalchemist.scp">
      <Filter>Scripts\Scripts Speech</Filter>
    </CustomBuild>
    <CustomBuild Include="..\scripts\speech\jobanimal.scp">
      <Filter>Scripts\Scripts Speech</Filter>
    </CustomBuild>
    <CustomBuild Include="..\scripts\speech\jobarchitect.scp">
      <Filter>Scripts\Scripts Speech</Filter>
    </CustomBuild>
    <CustomBuild Include="..\scripts\speech\jobarmourer.scp">
      <Filter>Scripts\Scripts Speech</Filter>
    </CustomBuild>
    <CustomBuild Include="..\scripts\speech\jobartist.scp">
      <Filter>Scripts\Scripts Speech</Filter>
    </CustomBuild>
    <CustomBuild Include="..\scripts\speech\jobbaker.scp">
      <Filter>Scripts\Scripts Speech</Filter>
    </CustomBuild>
    <CustomBuild Include="..\scripts\speech\jobbanker.scp">
      <Filter>Scripts\Scripts Speech</Filter>
    </CustomBuild>
    <CustomBuild Include="..\scripts\speech\jobbard.scp">
      <Filter>Scripts\Scripts Speech</Filter>
    </CustomBuild>
    <CustomBuild Include="..\scripts\speech\jobbeekeeper.scp">
      <Filter>Scripts\Scripts Speech</Filter>
    </CustomBuild>
    <CustomBuild Include="..\scripts\speech\jobbeggar.scp">
      <Filter>Scripts\Scripts Speech</Filter>
    </CustomBuild>
    <CustomBuild Include="..\scripts\speech\jobblacksmith.scp">
      <Filter>Scripts\Scripts Speech</Filter>
    </CustomBuild>
    <CustomBuild Include="..\scripts\speech\jobbowyer.scp">
      <Filter>Scripts\Scripts Speech</Filter>
    </CustomBuild>
    <CustomBuild Include="..\scripts\speech\jobBrigand.scp">
      <Filter>Scripts\Scripts Speech</Filter>
    </CustomBuild>
    <CustomBuild Include="..\scripts\speech\jobbutcher.scp">
      <Filter>Scripts\Scripts Speech</Filter>
    </CustomBuild>
    <CustomBuild Include="..\scripts\speech\jobcarpenter.scp">
      <Filter>Scripts\Scripts Speech</Filter>
    </CustomBuild>
    <CustomBuild Include="..\scripts\speech\jobcashual.scp">
      <Filter>Scripts\Scripts Speech</Filter>
    </CustomBuild>
    <CustomBuild Include="..\scripts\speech\jobcobbler.scp">
      <Filter>Scripts\Scripts Speech</Filter>
    </CustomBuild>
    <CustomBuild Include="..\scripts\speech\jobfarmer.scp">
      <Filter>Scripts\Scripts Speech</Filter>
    </CustomBuild>
    <CustomBuild Include="..\scripts\speech\jobfurtrader.scp">
      <Filter>Scripts\Scripts Speech</Filter>
    </CustomBuild>
    <CustomBuild Include="..\scripts\speech\jobgambler.scp">
      <Filter>Scripts\Scripts Speech</Filter>
    </CustomBuild>
    <CustomBuild Include="..\scripts\speech\jobglassblower.scp">
      <Filter>Scripts\Scripts Speech</Filter>
    </CustomBuild>
    <CustomBuild Include="..\scripts\speech\jobGuard.scp">
      <Filter>Scripts\Scripts Speech</Filter>
    </CustomBuild>
    <CustomBuild Include="..\scripts\speech\jobhealer.scp">
      <Filter>Scripts\Scripts Speech</Filter>
    </CustomBuild>
    <CustomBuild Include="..\scripts\speech\jobhealwand.scp">
      <Filter>Scripts\Scripts Speech</Filter>
    </CustomBuild>
    <CustomBuild Include="..\scripts\speech\jobherbalist.scp">
      <Filter>Scripts\Scripts Speech</Filter>
    </CustomBuild>
    <CustomBuild Include="..\scripts\speech\jobinnkeeper.scp">
      <Filter>Scripts\Scripts Speech</Filter>
    </CustomBuild>
    <CustomBuild Include="..\scripts\speech\jobjailor.scp">
      <Filter>Scripts\Scripts Speech</Filter>
    </CustomBuild>
    <CustomBuild Include="..\scripts\speech\jobjeweller.scp">
      <Filter>Scripts\Scripts Speech</Filter>
    </CustomBuild>
    <CustomBuild Include="..\scripts\speech\jobjudge.scp">
      <Filter>Scripts\Scripts Speech</Filter>
    </CustomBuild>
    <CustomBuild Include="..\scripts\speech\joblaborer.scp">
      <Filter>Scripts\Scripts Speech</Filter>
    </CustomBuild>
    <CustomBuild Include="..\scripts\speech\jobMage.scp">
      <Filter>Scripts\Scripts Speech</Filter>
    </CustomBuild>
    <CustomBuild Include="..\scripts\speech\jobMageEvil.scp">
      <Filter>Scripts\Scripts Speech</Filter>
    </CustomBuild>
    <CustomBuild Include="..\scripts\speech\jobMageShop.scp">
      <Filter>Scripts\Scripts Speech</Filter>
    </CustomBuild>
    <CustomBuild Include="..\scripts\speech\jobmapmaker.scp">
      <Filter>Scripts\Scripts Speech</Filter>
    </CustomBuild>
    <CustomBuild Include="..\scripts\speech\jobmayor.scp">
      <Filter>Scripts\Scripts Speech</Filter>
    </CustomBuild>
    <CustomBuild Include="..\scripts\speech\jobmiller.scp">
      <Filter>Scripts\Scripts Speech</Filter>
    </CustomBuild>
    <CustomBuild Include="..\scripts\speech\jobminer.scp">
      <Filter>Scripts\Scripts Speech</Filter>
    </CustomBuild>
    <CustomBuild Include="..\scripts\speech\jobminter.scp">
      <Filter>Scripts\Scripts Speech</Filter>
    </CustomBuild>
    <CustomBuild Include="..\scripts\speech\jobmonk.scp">
      <Filter>Scripts\Scripts Speech</Filter>
    </CustomBuild>
    <CustomBuild Include="..\scripts\speech\jobnoble.scp">
      <Filter>Scripts\Scripts Speech</Filter>
    </CustomBuild>
    <CustomBuild Include="..\scripts\speech\joboverseer.scp">
      <Filter>Scripts\Scripts Speech</Filter>
    </CustomBuild>
    <CustomBuild Include="..\scripts\speech\jobpaladin.scp">
      <Filter>Scripts\Scripts Speech</Filter>
    </CustomBuild>
    <CustomBuild Include="..\scripts\speech\jobparliament.scp">
      <Filter>Scripts\Scripts Speech</Filter>
    </CustomBuild>
    <CustomBuild Include="..\scripts\speech\jobpirate.scp">
      <Filter>Scripts\Scripts Speech</Filter>
    </CustomBuild>
    <CustomBuild Include="..\scripts\speech\jobpriest.scp">
      <Filter>Scripts\Scripts Speech</Filter>
    </CustomBuild>
    <CustomBuild Include="..\scripts\speech\jobprisoner.scp">
      <Filter>Scripts\Scripts Speech</Filter>
    </CustomBuild>
    <CustomBuild Include="..\scripts\speech\jobprovisioner.scp">
      <Filter>Scripts\Scripts Speech</Filter>
    </CustomBuild>
    <CustomBuild Include="..\scripts\speech\jobrancher.scp">
      <Filter>Scripts\Scripts Speech</Filter>
    </CustomBuild>
    <CustomBuild Include="..\scripts\speech\jobranger.scp">
      <Filter>Scripts\Scripts Speech</Filter>
    </CustomBuild>
    <CustomBuild Include="..\scripts\speech\jobrealtor.scp">
      <Filter>Scripts\Scripts Speech</Filter>
    </CustomBuild>
    <CustomBuild Include="..\scripts\speech\jobrunner.scp">
      <Filter>Scripts\Scripts Speech</Filter>
    </CustomBuild>
    <CustomBuild Include="..\scripts\speech\jobsailor.scp">
      <Filter>Scripts\Scripts Speech</Filter>
    </CustomBuild>
    <CustomBuild Include="..\scripts\speech\jobscholar.scp">
      <Filter>Scripts\Scripts Speech</Filter>
    </CustomBuild>
    <CustomBuild Include="..\scripts\speech\jobscribe.scp">
      <Filter>Scripts\Scripts Speech</Filter>
    </CustomBuild>
    <CustomBuild Include="..\scripts\speech\jobsculptor.scp">
      <Filter>Scripts\Scripts Speech</Filter>
    </CustomBuild>
    <CustomBuild Include="..\scripts\speech\jobservant.scp">
      <Filter>Scripts\Scripts Speech</Filter>
    </CustomBuild>
    <CustomBuild Include="..\scripts\speech\jobshepherd.scp">
      <Filter>Scripts\Scripts Speech</Filter>
    </CustomBuild>
    <CustomBuild Include="..\scripts\speech\jobshipwright.scp">
      <Filter>Scripts\Scripts Speech</Filter>
    </CustomBuild>
    <CustomBuild Include="..\scripts\speech\jobtanner.scp">
      <Filter>Scripts\Scripts Speech</Filter>
    </CustomBuild>
    <CustomBuild Include="..\scripts\speech\jobtavernkeeper.scp">
      <Filter>Scripts\Scripts Speech</Filter>
    </CustomBuild>
    <CustomBuild Include="..\scripts\speech\jobthief.scp">
      <Filter>Scripts\Scripts Speech</Filter>
    </CustomBuild>
    <CustomBuild Include="..\scripts\speech\jobtinker.scp">
      <Filter>Scripts\Scripts Speech</Filter>
    </CustomBuild>
    <CustomBuild Include="..\scripts\speech\jobveggie.scp">
      <Filter>Scripts\Scripts Speech</Filter>
    </CustomBuild>
    <CustomBuild Include="..\scripts\speech\jobvet.scp">
      <Filter>Scripts\Scripts Speech</Filter>
    </CustomBuild>
    <CustomBuild Include="..\scripts\speech\jobwaiter.scp">
      <Filter>Scripts\Scripts Speech</Filter>
    </CustomBuild>
    <CustomBuild Include="..\scripts\speech\jobweaponsmith.scp">
      <Filter>Scripts\Scripts Speech</Filter>
    </CustomBuild>
    <CustomBuild Include="..\scripts\speech\jobweaponstrainer.scp">
      <Filter>Scripts\Scripts Speech</Filter>
    </CustomBuild>
    <CustomBuild Include="..\scripts\speech\jobweaver.scp">
      <Filter>Scripts\Scripts Speech</Filter>
    </CustomBuild>
    <CustomBuild Include="..\scripts\speech\speakhorse.scp">
      <Filter>Scripts\Scripts Speech</Filter>
    </CustomBuild>
    <CustomBuild Include="..\scripts\speech\speakhuman.scp">
      <Filter>Scripts\Scripts Speech</Filter>
    </CustomBuild>
    <CustomBuild Include="..\scripts\speech\speakmaster.scp">
      <Filter>Scripts\Scripts Speech</Filter>
    </CustomBuild>
    <CustomBuild Include="..\scripts\speech\speakneeds.scp">
      <Filter>Scripts\Scripts Speech</Filter>
    </CustomBuild>
    <CustomBuild Include="..\scripts\speech\speakorc.scp">
      <Filter>Scripts\Scripts Speech</Filter>
    </CustomBuild>
    <CustomBuild Include="..\scripts\speech\speakrehello.scp">
      <Filter>Scripts\Scripts Speech</Filter>
    </CustomBuild>
    <CustomBuild Include="..\scripts\speech\speakshopkeep.scp">
      <Filter>Scripts\Scripts Speech</Filter>
    </CustomBuild>
    <CustomBuild Include="..\scripts\speech\spherespee.scp">
      <Filter>Scripts\Scripts Speech</Filter>
    </CustomBuild>
    <CustomBuild Include="..\scripts\speech\townbritain.scp">
      <Filter>Scripts\Scripts Speech</Filter>
    </CustomBuild>
    <CustomBuild Include="..\scripts\speech\townbucsden.scp">
      <Filter>Scripts\Scripts Speech</Filter>
    </CustomBuild>
    <CustomBuild Include="..\scripts\speech\towncove.scp">
      <Filter>Scripts\Scripts Speech</Filter>
    </CustomBuild>
    <CustomBuild Include="..\scripts\speech\townjhelom.scp">
      <Filter>Scripts\Scripts Speech</Filter>
    </CustomBuild>
    <CustomBuild Include="..\scripts\speech\townmagincia.scp">
      <Filter>Scripts\Scripts Speech</Filter>
    </CustomBuild>
    <CustomBuild Include="..\scripts\speech\townminoc.scp">
      <Filter>Scripts\Scripts Speech</Filter>
    </CustomBuild>
    <CustomBuild Include="..\scripts\speech\townmoonglow.scp">
      <Filter>Scripts\Scripts Speech</Filter>
    </CustomBuild>
    <CustomBuild Include="..\scripts\speech\townnujelm.scp">
      <Filter>Scripts\Scripts Speech</Filter>
    </CustomBuild>
    <CustomBuild Include="..\scripts\speech\townserphold.scp">
      <Filter>Scripts\Scripts Speech</Filter>
    </CustomBuild>
    <CustomBuild Include="..\scripts\speech\townskarabrae.scp">
      <Filter>Scripts\Scripts Speech</Filter>
    </CustomBuild>
    <CustomBuild Include="..\scripts\speech\towntrinsic.scp">
      <Filter>Scripts\Scripts Speech</Filter>
    </CustomBuild>
    <CustomBuild Include="..\scripts\speech\townvesper.scp">
      <Filter>Scripts\Scripts Speech</Filter>
    </CustomBuild>
    <CustomBuild Include="..\scripts\speech\townwind.scp">
      <Filter>Scripts\Scripts Speech</Filter>
    </CustomBuild>
    <CustomBuild Include="..\scripts\speech\townyew.scp">
      <Filter>Scripts\Scripts Speech</Filter>
    </CustomBuild>
    <CustomBuild Include="..\scripts\test\blacksmith_menu.scp">
      <Filter>Scripts\Scripts Test</Filter>
    </CustomBuild>
    <CustomBuild Include="..\scripts\test\classmenus.scp">
      <Filter>Scripts\Scripts Test</Filter>
    </CustomBuild>
    <CustomBuild Include="..\scripts\test\clericbook.scp">
      <Filter>Scripts\Scripts Test</Filter>
    </CustomBuild>
    <CustomBuild Include="..\scripts\test\custom_vendor.scp">
      <Filter>Scripts\Scripts Test</Filter>
    </CustomBuild>
    <CustomBuild Include="..\scripts\test\helpgump2.scp">
      <Filter>Scripts\Scripts Test</Filter>
    </CustomBuild>
    <CustomBuild Include="..\scripts\test\helpgump3.scp">
      <Filter>Scripts\Scripts Test</Filter>
    </CustomBuild>
    <CustomBuild Include="..\scripts\test\housegump.scp">
      <Filter>Scripts\Scripts Test</Filter>
    </CustomBuild>
    <CustomBuild Include="..\scripts\test\housegump2.scp">
      <Filter>Scripts\Scripts Test</Filter>
    </CustomBuild>
    <CustomBuild Include="..\scripts\test\housegump3.scp">
      <Filter>Scripts\Scripts Test</Filter>
    </CustomBuild>
    <CustomBuild Include="..\scripts\test\necrobook.scp">
      <Filter>Scripts\Scripts Test</Filter>
    </CustomBuild>
    <CustomBuild Include="..\scripts\test\RewardSystem.scp">
      <Filter>Scripts\Scripts Test</Filter>
    </CustomBuild>
    <CustomBuild Include="..\scripts\test\runebook.scp">
      <Filter>Scripts\Scripts Test</Filter>
    </CustomBuild>
    <CustomBuild Include="..\scripts\test\runebook2.scp">
      <Filter>Scripts\Scripts Test</Filter>
    </CustomBuild>
    <CustomBuild Include="..\scripts\test\spherechar3.scp">
      <Filter>Scripts\Scripts Test</Filter>
    </CustomBuild>
    <CustomBuild Include="..\scripts\custom\spheretest.scp">
      <Filter>Scripts\Scripts Test</Filter>
    </CustomBuild>
    <CustomBuild Include="..\scripts\test\Tinkering_menu.scp">
      <Filter>Scripts\Scripts Test</Filter>
    </CustomBuild>
    <CustomBuild Include="..\scripts\test\traveler.scp">
      <Filter>Scripts\Scripts Test</Filter>
    </CustomBuild>
    <CustomBuild Include="..\scripts\npcs\sphere_d_char.scp">
      <Filter>Scripts\NPCs</Filter>
    </CustomBuild>
    <CustomBuild Include="..\scripts\npcs\sphere_d_char3.scp">
      <Filter>Scripts\NPCs</Filter>
    </CustomBuild>
    <CustomBuild Include="..\scripts\npcs\sphere_d_char_animals.scp">
      <Filter>Scripts\NPCs</Filter>
    </CustomBuild>
    <CustomBuild Include="..\scripts\npcs\sphere_d_char_borgvendors.scp">
      <Filter>Scripts\NPCs</Filter>
    </CustomBuild>
    <CustomBuild Include="..\scripts\npcs\sphere_d_char_crier.scp">
      <Filter>Scripts\NPCs</Filter>
    </CustomBuild>
    <CustomBuild Include="..\scripts\npcs\sphere_d_char_daemon.scp">
      <Filter>Scripts\NPCs</Filter>
    </CustomBuild>
    <CustomBuild Include="..\scripts\npcs\sphere_d_char_dragon.scp">
      <Filter>Scripts\NPCs</Filter>
    </CustomBuild>
    <CustomBuild Include="..\scripts\npcs\sphere_d_char_drowvendors.scp">
      <Filter>Scripts\NPCs</Filter>
    </CustomBuild>
    <CustomBuild Include="..\scripts\npcs\sphere_d_char_dwarfvendors.scp">
      <Filter>Scripts\NPCs</Filter>
    </CustomBuild>
    <CustomBuild Include="..\scripts\npcs\sphere_d_char_elfvendors.scp">
      <Filter>Scripts\NPCs</Filter>
    </CustomBuild>
    <CustomBuild Include="..\scripts\npcs\sphere_d_char_evil.scp">
      <Filter>Scripts\NPCs</Filter>
    </CustomBuild>
    <CustomBuild Include="..\scripts\npcs\sphere_d_char_gargvendors.scp">
      <Filter>Scripts\NPCs</Filter>
    </CustomBuild>
    <CustomBuild Include="..\scripts\npcs\sphere_d_char_halforcvendors.scp">
      <Filter>Scripts\NPCs</Filter>
    </CustomBuild>
    <CustomBuild Include="..\scripts\npcs\sphere_d_char_humans.scp">
      <Filter>Scripts\NPCs</Filter>
    </CustomBuild>
    <CustomBuild Include="..\scripts\npcs\sphere_d_char_lbr_new.scp">
      <Filter>Scripts\NPCs</Filter>
    </CustomBuild>
    <CustomBuild Include="..\scripts\npcs\sphere_d_char_monsters.scp">
      <Filter>Scripts\NPCs</Filter>
    </CustomBuild>
    <CustomBuild Include="..\scripts\npcs\sphere_d_char_mustang.scp">
      <Filter>Scripts\NPCs</Filter>
    </CustomBuild>
    <CustomBuild Include="..\scripts\npcs\sphere_d_char_ogrevendors.scp">
      <Filter>Scripts\NPCs</Filter>
    </CustomBuild>
    <CustomBuild Include="..\scripts\npcs\sphere_d_char_ophidian.scp">
      <Filter>Scripts\NPCs</Filter>
    </CustomBuild>
    <CustomBuild Include="..\scripts\npcs\sphere_d_char_skill_testers.scp">
      <Filter>Scripts\NPCs</Filter>
    </CustomBuild>
    <CustomBuild Include="..\scripts\npcs\sphere_d_char_traveller.scp">
      <Filter>Scripts\NPCs</Filter>
    </CustomBuild>
    <CustomBuild Include="..\scripts\npcs\sphere_d_char_trollvendors.scp">
      <Filter>Scripts\NPCs</Filter>
    </CustomBuild>
    <CustomBuild Include="..\scripts\npcs\sphere_d_char_undead.scp">
      <Filter>Scripts\NPCs</Filter>
    </CustomBuild>
    <CustomBuild Include="..\scripts\npcs\sphere_d_char_uniques.scp">
      <Filter>Scripts\NPCs</Filter>
    </CustomBuild>
    <CustomBuild Include="sphere.ini">
      <Filter>Scripts</Filter>
    </CustomBuild>
    <CustomBuild Include="..\scripts\sphere_d_book.scp">
      <Filter>Scripts</Filter>
    </CustomBuild>
    <CustomBuild Include="..\scripts\sphere_d_defs.scp">
      <Filter>Scripts</Filter>
    </CustomBuild>
    <CustomBuild Include="..\scripts\sphere_d_dialog.scp">
      <Filter>Scripts</Filter>
    </CustomBuild>
    <CustomBuild Include="..\scripts\sphere_d_dlg_reference.scp">
      <Filter>Scripts</Filter>
    </CustomBuild>
    <CustomBuild Include="..\scripts\sphere_d_events.scp">
      <Filter>Scripts</Filter>
    </CustomBuild>
    <CustomBuild Include="..\scripts\sphere_d_events_human.scp">
      <Filter>Scripts</Filter>
    </CustomBuild>
    <CustomBuild Include="..\scripts\sphere_d_function.scp">
      <Filter>Scripts</Filter>
    </CustomBuild>
    <CustomBuild Include="..\scripts\sphere_d_healing.scp">
      <Filter>Scripts</Filter>
    </CustomBuild>
    <CustomBuild Include="..\scripts\sphere_d_house_item.scp">
      <Filter>Scripts</Filter>
    </CustomBuild>
    <CustomBuild Include="..\scripts\sphere_d_house_menu.scp">
      <Filter>Scripts</Filter>
    </CustomBuild>
    <CustomBuild Include="..\scripts\sphere_d_map.scp">
      <Filter>Scripts</Filter>
    </CustomBuild>
    <CustomBuild Include="..\scripts\sphere_d_map2.scp">
      <Filter>Scripts</Filter>
    </CustomBuild>
    <CustomBuild Include="..\scripts\sphere_d_menu.scp">
      <Filter>Scripts</Filter>
    </CustomBuild>
    <CustomBuild Include="..\scripts\sphere_d_name.scp">
      <Filter>Scripts</Filter>
    </CustomBuild>
    <CustomBuild Include="..\scripts\sphere_d_newb.scp">
      <Filter>Scripts</Filter>
    </CustomBuild>
    <CustomBuild Include="..\scripts\sphere_d_plevel.scp">
      <Filter>Scripts</Filter>
    </CustomBuild>
    <CustomBuild Include="..\scripts\sphere_d_region.scp">
      <Filter>Scripts</Filter>
    </CustomBuild>
    <CustomBuild Include="..\scripts\sphere_d_skillmenu.scp">
      <Filter>Scripts</Filter>
    </CustomBuild>
    <CustomBuild Include="..\scripts\sphere_d_spawns.scp">
      <Filter>Scripts</Filter>
    </CustomBuild>
    <CustomBuild Include="..\scripts\sphere_d_speech.scp">
      <Filter>Scripts</Filter>
    </CustomBuild>
    <CustomBuild Include="..\scripts\sphere_d_spells.scp">
      <Filter>Scripts</Filter>
    </CustomBuild>
    <CustomBuild Include="..\scripts\sphere_d_template.scp">
      <Filter>Scripts</Filter>
    </CustomBuild>
    <CustomBuild Include="..\scripts\sphere_d_template_vend.scp">
      <Filter>Scripts</Filter>
    </CustomBuild>
    <CustomBuild Include="..\scripts\sphere_d_templates_loot.scp">
      <Filter>Scripts</Filter>
    </CustomBuild>
    <CustomBuild Include="..\scripts\sphere_d_trig.scp">
      <Filter>Scripts</Filter>
    </CustomBuild>
    <CustomBuild Include="..\scripts\sphere_d_web.scp">
      <Filter>Scripts</Filter>
    </CustomBuild>
    <CustomBuild Include="..\scripts\SPHERETables.scp">
      <Filter>Scripts</Filter>
    </CustomBuild>
    <CustomBuild Include="..\SphereCommon\cregioncomplexmethods.tbl">
      <Filter>SphereCommon</Filter>
    </CustomBuild>
    <CustomBuild Include="..\SphereCommon\cregioncomplexprops.tbl">
      <Filter>SphereCommon</Filter>
    </CustomBuild>
    <CustomBuild Include="..\SphereCommon\cregionevents.tbl">
      <Filter>SphereCommon</Filter>
    </CustomBuild>
    <CustomBuild Include="..\SphereCommon\cregionmethods.tbl">
      <Filter>SphereCommon</Filter>
    </CustomBuild>
    <CustomBuild Include="..\SphereCommon\cregionprops.tbl">
      <Filter>SphereCommon</Filter>
    </CustomBuild>
    <CustomBuild Include="..\SphereCommon\cregionresourceprops.tbl">
      <Filter>SphereCommon</Filter>
    </CustomBuild>
    <CustomBuild Include="..\SphereCommon\cregiontypeprops.tbl">
      <Filter>SphereCommon</Filter>
    </CustomBuild>
    <CustomBuild Include="..\SphereCommon\csphereexpfunc.tbl">
      <Filter>SphereCommon</Filter>
    </CustomBuild>
    <CustomBuild Include="..\SphereCommon\globalmethods.tbl">
      <Filter>SphereCommon</Filter>
    </CustomBuild>
    <CustomBuild Include="..\SphereAccount\caccountmethods.tbl">
      <Filter>SphereAccount</Filter>
    </CustomBuild>
    <CustomBuild Include="..\SphereAccount\caccountmgrmethods.tbl">
      <Filter>SphereAccount</Filter>
    </CustomBuild>
    <CustomBuild Include="..\SphereAccount\caccountprops.tbl">
      <Filter>SphereAccount</Filter>
    </CustomBuild>
    <CustomBuild Include="cresourceprops.tbl">
      <Filter>SphereResource</Filter>
    </CustomBuild>
    <CustomBuild Include="..\SphereCommon\cresourcetag.tbl">
      <Filter>SphereResource</Filter>
    </CustomBuild>
    <CustomBuild Include="..\scripts\web\index.htt">
      <Filter>Web Pages</Filter>
    </CustomBuild>
    <CustomBuild Include="..\scripts\web\sphere404.htt">
      <Filter>Web Pages</Filter>
    </CustomBuild>
    <CustomBuild Include="..\scripts\web\sphereaccount.htt">
      <Filter>Web Pages</Filter>
    </CustomBuild>
    <CustomBuild Include="..\scripts\web\sphereconfig.htt">
      <Filter>Web Pages</Filter>
    </CustomBuild>
    <CustomBuild Include="..\scripts\web\sphereconfiggame.htt">
      <Filter>Web Pages</Filter>
    </CustomBuild>
    <CustomBuild Include="..\scripts\web\sphereconfigserv.htt">
      <Filter>Web Pages</Filter>
    </CustomBuild>
    <CustomBuild Include="..\scripts\web\spherejoin.htt">
      <Filter>Web Pages</Filter>
    </CustomBuild>
    <CustomBuild Include="..\scripts\web\spherelogfail.htt">
      <Filter>Web Pages</Filter>
    </CustomBuild>
    <CustomBuild Include="..\scripts\web\spherelogin.htt">
      <Filter>Web Pages</Filter>
    </CustomBuild>
    <CustomBuild Include="..\scripts\web\spheremailpass.htt">
      <Filter>Web Pages</Filter>
    </CustomBuild>
    <CustomBuild Include="..\scripts\web\spheremsgres.htt">
      <Filter>Web Pages</Filter>
    </CustomBuild>
    <CustomBuild Include="..\scripts\web\spheremyaccount.htt">
      <Filter>Web Pages</Filter>
    </CustomBuild>
    <CustomBuild Include="..\scripts\web\sphereplayer.htt">
      <Filter>Web Pages</Filter>
    </CustomBuild>
    <CustomBuild Include="..\scripts\web\sphereplayer2.htt">
      <Filter>Web Pages</Filter>
    </CustomBuild>
    <CustomBuild Include="..\scripts\web\spheres1t.htt">
      <Filter>Web Pages</Filter>
    </CustomBuild>
    <CustomBuild Include="..\scripts\web\spheres2t.htt">
      <Filter>Web Pages</Filter>
    </CustomBuild>
    <CustomBuild Include="..\scripts\web\spheres3t.htt">
      <Filter>Web Pages</Filter>
    </CustomBuild>
    <CustomBuild Include="..\scripts\web\spheres4t.htt">
      <Filter>Web Pages</Filter>
    </CustomBuild>
    <CustomBuild Include="..\scripts\web\spheres5t.htt">
      <Filter>Web Pages</Filter>
    </CustomBuild>
    <CustomBuild Include="..\scripts\web\spherestatus.htt">
      <Filter>Web Pages</Filter>
    </CustomBuild>
    <CustomBuild Include="cchardefprops.tbl">
      <Filter>Scripting Tables</Filter>
    </CustomBuild>
    <CustomBuild Include="ccharevents.tbl">
      <Filter>Scripting Tables</Filter>
    </CustomBuild>
    <CustomBuild Include="ccharmethods.tbl">
      <Filter>Scripting Tables</Filter>
    </CustomBuild>
    <CustomBuild Include="ccharnpcmethods.tbl">
      <Filter>Scripting Tables</Filter>
    </CustomBuild>
    <CustomBuild Include="ccharnpcprops.tbl">
      <Filter>Scripting Tables</Filter>
    </CustomBuild>
    <CustomBuild Include="ccharplayermethods.tbl">
      <Filter>Scripting Tables</Filter>
    </CustomBuild>
    <CustomBuild Include="ccharplayerprops.tbl">
      <Filter>Scripting Tables</Filter>
    </CustomBuild>
    <CustomBuild Include="ccharprops.tbl">
      <Filter>Scripting Tables</Filter>
    </CustomBuild>
    <CustomBuild Include="cclientmethods.tbl">
      <Filter>Scripting Tables</Filter>
    </CustomBuild>
    <CustomBuild Include="cclientprops.tbl">
      <Filter>Scripting Tables</Filter>
    </CustomBuild>
    <CustomBuild Include="ccontainermethods.tbl">
      <Filter>Scripting Tables</Filter>
    </CustomBuild>
    <CustomBuild Include="cgmpageprops.tbl">
      <Filter>Scripting Tables</Filter>
    </CustomBuild>
    <CustomBuild Include="citemcontainermethods.tbl">
      <Filter>Scripting Tables</Filter>
    </CustomBuild>
    <CustomBuild Include="citemdefmultiprops.tbl">
      <Filter>Scripting Tables</Filter>
    </CustomBuild>
    <CustomBuild Include="citemdefprops.tbl">
      <Filter>Scripting Tables</Filter>
    </CustomBuild>
    <CustomBuild Include="CItemDefWeaponProps.tbl">
      <Filter>Scripting Tables</Filter>
    </CustomBuild>
    <CustomBuild Include="citemevents.tbl">
      <Filter>Scripting Tables</Filter>
    </CustomBuild>
    <CustomBuild Include="citemmapmethods.tbl">
      <Filter>Scripting Tables</Filter>
    </CustomBuild>
    <CustomBuild Include="citemmessagemethods.tbl">
      <Filter>Scripting Tables</Filter>
    </CustomBuild>
    <CustomBuild Include="citemmessageprops.tbl">
      <Filter>Scripting Tables</Filter>
    </CustomBuild>
    <CustomBuild Include="citemmethods.tbl">
      <Filter>Scripting Tables</Filter>
    </CustomBuild>
    <CustomBuild Include="citemmultimethods.tbl">
      <Filter>Scripting Tables</Filter>
    </CustomBuild>
    <CustomBuild Include="citemmultiprops.tbl">
      <Filter>Scripting Tables</Filter>
    </CustomBuild>
    <CustomBuild Include="citemprops.tbl">
      <Filter>Scripting Tables</Filter>
    </CustomBuild>
    <CustomBuild Include="citemscriptmethods.tbl">
      <Filter>Scripting Tables</Filter>
    </CustomBuild>
    <CustomBuild Include="citemstonemethods.tbl">
      <Filter>Scripting Tables</Filter>
    </CustomBuild>
    <CustomBuild Include="citemstoneprops.tbl">
      <Filter>Scripting Tables</Filter>
    </CustomBuild>
    <CustomBuild Include="citemvendprops.tbl">
      <Filter>Scripting Tables</Filter>
    </CustomBuild>
    <CustomBuild Include="cobjbasedefprops.tbl">
      <Filter>Scripting Tables</Filter>
    </CustomBuild>
    <CustomBuild Include="cobjbasemethods.tbl">
      <Filter>Scripting Tables</Filter>
    </CustomBuild>
    <CustomBuild Include="cobjbaseprops.tbl">
      <Filter>Scripting Tables</Filter>
    </CustomBuild>
    <CustomBuild Include="cprofessionprops.tbl">
      <Filter>Scripting Tables</Filter>
    </CustomBuild>
    <CustomBuild Include="cprofileprops.tbl">
      <Filter>Scripting Tables</Filter>
    </CustomBuild>
    <CustomBuild Include="CRaceClassMethods.tbl">
      <Filter>Scripting Tables</Filter>
    </CustomBuild>
    <CustomBuild Include="craceclassprops.tbl">
      <Filter>Scripting Tables</Filter>
    </CustomBuild>
    <CustomBuild Include="csectormethods.tbl">
      <Filter>Scripting Tables</Filter>
    </CustomBuild>
    <CustomBuild Include="csectorprops.tbl">
      <Filter>Scripting Tables</Filter>
    </CustomBuild>
    <CustomBuild Include="cserverdefprops.tbl">
      <Filter>Scripting Tables</Filter>
    </CustomBuild>
    <CustomBuild Include="cservermethods.tbl">
      <Filter>Scripting Tables</Filter>
    </CustomBuild>
    <CustomBuild Include="cservevents.tbl">
      <Filter>Scripting Tables</Filter>
    </CustomBuild>
    <CustomBuild Include="cskilldefevents.tbl">
      <Filter>Scripting Tables</Filter>
    </CustomBuild>
    <CustomBuild Include="cskilldefprops.tbl">
      <Filter>Scripting Tables</Filter>
    </CustomBuild>
    <CustomBuild Include="cspelldefprops.tbl">
      <Filter>Scripting Tables</Filter>
    </CustomBuild>
    <CustomBuild Include="cwebpageevents.tbl">
      <Filter>Scripting Tables</Filter>
    </CustomBuild>
    <CustomBuild Include="cwebpagemethods.tbl">
      <Filter>Scripting Tables</Filter>
    </CustomBuild>
    <CustomBuild Include="cwebpageprops.tbl">
      <Filter>Scripting Tables</Filter>
    </CustomBuild>
    <CustomBuild Include="cworldprops.tbl">
      <Filter>Scripting Tables</Filter>
    </CustomBuild>
  </ItemGroup>
  <ItemGroup>
    <None Include="..\spherelib\cuidrefarraymethods.tbl">
      <Filter>SphereLib</Filter>
    </None>
  </ItemGroup>
</Project>